{
	"name": "codemirror-v6-spell-checker",
	"version": "0.1.0",
	"lockfileVersion": 3,
	"requires": true,
	"packages": {
		"": {
			"name": "codemirror-v6-spell-checker",
			"version": "0.1.0",
			"license": "ISC",
			"dependencies": {
				"@codemirror/state": "^6.6.0",
				"@codemirror/view": "^6.43.0",
				"dictionary-en": "^4.0.0",
				"nspell": "^2.1.5"
			}
		},
		"node_modules/@codemirror/state": {
			"version": "6.6.0",
			"resolved": "https://registry.npmjs.org/@codemirror/state/-/state-6.6.0.tgz",
			"integrity": "sha512-4nbvra5R5EtiCzr9BTHiTLc+MLXK2QGiAVYMyi8PkQd3SR+6ixar/Q/01Fa21TBIDOZXgeWV4WppsQolSreAPQ==",
			"license": "MIT",
			"dependencies": {
				"@marijn/find-cluster-break": "^1.0.0"
			}
		},
		"node_modules/@codemirror/view": {
			"version": "6.43.0",
			"resolved": "https://registry.npmjs.org/@codemirror/view/-/view-6.43.0.tgz",
			"integrity": "sha512-V7ZCLQO3Jus9hzh2jVCCPW3mO4IBMr43O37PqSUYautJSnnJF41YlgLw21x0fLJTYvJ+Vkm6Gp+qKGH9pltgXA==",
			"license": "MIT",
			"dependencies": {
				"@codemirror/state": "^6.6.0",
				"crelt": "^1.0.6",
				"style-mod": "^4.1.0",
				"w3c-keyname": "^2.2.4"
			}
		},
		"node_modules/@marijn/find-cluster-break": {
			"version": "1.0.2",
			"resolved": "https://registry.npmjs.org/@marijn/find-cluster-break/-/find-cluster-break-1.0.2.tgz",
			"integrity": "sha512-l0h88YhZFyKdXIFNfSWpyjStDjGHwZ/U7iobcK1cQQD8sejsONdQtTVU+1wVN1PBw40PiiHB1vA5S7VTfQiP9g==",
			"license": "MIT"
		},
		"node_modules/crelt": {
			"version": "1.0.6",
			"resolved": "https://registry.npmjs.org/crelt/-/crelt-1.0.6.tgz",
			"integrity": "sha512-VQ2MBenTq1fWZUH9DJNGti7kKv6EeAuYr3cLwxUWhIu1baTaXh4Ib5W2CqHVqib4/MqbYGJqiL3Zb8GJZr3l4g==",
			"license": "MIT"
		},
		"node_modules/dictionary-en": {
			"version": "4.0.0",
			"resolved": "https://registry.npmjs.org/dictionary-en/-/dictionary-en-4.0.0.tgz",
			"integrity": "sha512-3NHnE1uq33ZE/CIwaZ6gqxa4BnglHnxeAcTM0GJ7cmtRGcvX9InMK/IqLtYcUMFCUpUNgybH+DzkqdgAo3F1zg==",
			"license": "(MIT AND BSD)",
			"funding": {
				"type": "github",
				"url": "https://github.com/sponsors/wooorm"
			}
		},
		"node_modules/is-buffer": {
			"version": "2.0.5",
			"resolved": "https://registry.npmjs.org/is-buffer/-/is-buffer-2.0.5.tgz",
			"integrity": "sha512-i2R6zNFDwgEHJyQUtJEk0XFi1i0dPFn/oqjK3/vPCcDeJvW5NQ83V8QbicfF1SupOaB0h8ntgBC2YiE7dfyctQ==",
			"funding": [
				{
					"type": "github",
					"url": "https://github.com/sponsors/feross"
				},
				{
					"type": "patreon",
					"url": "https://www.patreon.com/feross"
				},
				{
					"type": "consulting",
					"url": "https://feross.org/support"
				}
			],
			"license": "MIT",
			"engines": {
				"node": ">=4"
			}
		},
		"node_modules/nspell": {
			"version": "2.1.5",
			"resolved": "https://registry.npmjs.org/nspell/-/nspell-2.1.5.tgz",
			"integrity": "sha512-PSStyugKMiD9mHmqI/CR5xXrSIGejUXPlo88FBRq5Og1kO5QwQ5Ilu8D8O5I/SHpoS+mibpw6uKA8rd3vXd2Sg==",
			"license": "MIT",
			"dependencies": {
				"is-buffer": "^2.0.0"
			}
		},
		"node_modules/style-mod": {
			"version": "4.1.3",
			"resolved": "https://registry.npmjs.org/style-mod/-/style-mod-4.1.3.tgz",
			"integrity": "sha512-i/n8VsZydrugj3Iuzll8+x/00GH2vnYsk1eomD8QiRrSAeW6ItbCQDtfXCeJHd0iwiNagqjQkvpvREEPtW3IoQ==",
			"license": "MIT"
		},
		"node_modules/w3c-keyname": {
			"version": "2.2.8",
			"resolved": "https://registry.npmjs.org/w3c-keyname/-/w3c-keyname-2.2.8.tgz",
			"integrity": "sha512-dpojBhNsCNN7T82Tm7k26A6G9ML3NkhDsnw9n/eoxSRlVBB4CEtIQ/KTCLI2Fwf3ataSXRhYFkQi3SlnFwPvPQ==",
			"license": "MIT"
		}
	}
}
